// !$*UTF8*$!
{
	archiveVersion = 1;
	classes = {
	};
	objectVersion = 50;
	objects = {

/* Begin PBXBuildFile section */
		BC89F828256E60C500F92FB6 /* AppDelegate.swift in Sources */ = {isa = PBXBuildFile; fileRef = BC89F827256E60C500F92FB6 /* AppDelegate.swift */; };
		BC89F82A256E60C500F92FB6 /* SceneDelegate.swift in Sources */ = {isa = PBXBuildFile; fileRef = BC89F829256E60C500F92FB6 /* SceneDelegate.swift */; };
		BC89F82C256E60C500F92FB6 /* ViewController.swift in Sources */ = {isa = PBXBuildFile; fileRef = BC89F82B256E60C500F92FB6 /* ViewController.swift */; };
		BC89F82F256E60C500F92FB6 /* Main.storyboard in Resources */ = {isa = PBXBuildFile; fileRef = BC89F82D256E60C500F92FB6 /* Main.storyboard */; };
		BC89F831256E60C700F92FB6 /* Assets.xcassets in Resources */ = {isa = PBXBuildFile; fileRef = BC89F830256E60C700F92FB6 /* Assets.xcassets */; };
		BC89F834256E60C700F92FB6 /* LaunchScreen.storyboard in Resources */ = {isa = PBXBuildFile; fileRef = BC89F832256E60C700F92FB6 /* LaunchScreen.storyboard */; };
		BC89F83D256E60DA00F92FB6 /* AdvertisingService.swift in Sources */ = {isa = PBXBuildFile; fileRef = BC89F83C256E60DA00F92FB6 /* AdvertisingService.swift */; };
		CEAB9536256F964E00D42FC3 /* TestTableViewCell.swift in Sources */ = {isa = PBXBuildFile; fileRef = CEAB9534256F964E00D42FC3 /* TestTableViewCell.swift */; };
		CEAB9537256F964E00D42FC3 /* TestTableViewCell.xib in Resources */ = {isa = PBXBuildFile; fileRef = CEAB9535256F964E00D42FC3 /* TestTableViewCell.xib */; };
/* End PBXBuildFile section */

/* Begin PBXFileReference section */
		BC89F824256E60C500F92FB6 /* BLE test.app */ = {isa = PBXFileReference; explicitFileType = wrapper.application; includeInIndex = 0; path = "BLE test.app"; sourceTree = BUILT_PRODUCTS_DIR; };
		BC89F827256E60C500F92FB6 /* AppDelegate.swift */ = {isa = PBXFileReference; lastKnownFileType = sourcecode.swift; path = AppDelegate.swift; sourceTree = "<group>"; };
		BC89F829256E60C500F92FB6 /* SceneDelegate.swift */ = {isa = PBXFileReference; lastKnownFileType = sourcecode.swift; path = SceneDelegate.swift; sourceTree = "<group>"; };
		BC89F82B256E60C500F92FB6 /* ViewController.swift */ = {isa = PBXFileReference; lastKnownFileType = sourcecode.swift; path = ViewController.swift; sourceTree = "<group>"; };
		BC89F82E256E60C500F92FB6 /* Base */ = {isa = PBXFileReference; lastKnownFileType = file.storyboard; name = Base; path = Base.lproj/Main.storyboard; sourceTree = "<group>"; };
		BC89F830256E60C700F92FB6 /* Assets.xcassets */ = {isa = PBXFileReference; lastKnownFileType = folder.assetcatalog; path = Assets.xcassets; sourceTree = "<group>"; };
		BC89F833256E60C700F92FB6 /* Base */ = {isa = PBXFileReference; lastKnownFileType = file.storyboard; name = Base; path = Base.lproj/LaunchScreen.storyboard; sourceTree = "<group>"; };
		BC89F835256E60C700F92FB6 /* Info.plist */ = {isa = PBXFileReference; lastKnownFileType = text.plist.xml; path = Info.plist; sourceTree = "<group>"; };
		BC89F83C256E60DA00F92FB6 /* AdvertisingService.swift */ = {isa = PBXFileReference; lastKnownFileType = sourcecode.swift; path = AdvertisingService.swift; sourceTree = "<group>"; };
		CEAB9534256F964E00D42FC3 /* TestTableViewCell.swift */ = {isa = PBXFileReference; lastKnownFileType = sourcecode.swift; path = TestTableViewCell.swift; sourceTree = "<group>"; };
		CEAB9535256F964E00D42FC3 /* TestTableViewCell.xib */ = {isa = PBXFileReference; lastKnownFileType = file.xib; path = TestTableViewCell.xib; sourceTree = "<group>"; };
/* End PBXFileReference section */

/* Begin PBXFrameworksBuildPhase section */
		BC89F821256E60C500F92FB6 /* Frameworks */ = {
			isa = PBXFrameworksBuildPhase;
			buildActionMask = 2147483647;
			files = (
			);
			runOnlyForDeploymentPostprocessing = 0;
		};
/* End PBXFrameworksBuildPhase section */

/* Begin PBXGroup section */
		BC89F81B256E60C500F92FB6 = {
			isa = PBXGroup;
			children = (
				BC89F826256E60C500F92FB6 /* BLE test */,
				BC89F825256E60C500F92FB6 /* Products */,
			);
			sourceTree = "<group>";
		};
		BC89F825256E60C500F92FB6 /* Products */ = {
			isa = PBXGroup;
			children = (
				BC89F824256E60C500F92FB6 /* BLE test.app */,
			);
			name = Products;
			sourceTree = "<group>";
		};
		BC89F826256E60C500F92FB6 /* BLE test */ = {
			isa = PBXGroup;
			children = (
				CEAB9533256F963600D42FC3 /* Views */,
				BC89F827256E60C500F92FB6 /* AppDelegate.swift */,
				BC89F829256E60C500F92FB6 /* SceneDelegate.swift */,
				BC89F82B256E60C500F92FB6 /* ViewController.swift */,
				BC89F82D256E60C500F92FB6 /* Main.storyboard */,
				BC89F830256E60C700F92FB6 /* Assets.xcassets */,
				BC89F832256E60C700F92FB6 /* LaunchScreen.storyboard */,
				BC89F835256E60C700F92FB6 /* Info.plist */,
				BC89F83C256E60DA00F92FB6 /* AdvertisingService.swift */,
			);
			path = "BLE test";
			sourceTree = "<group>";
		};
		CEAB9533256F963600D42FC3 /* Views */ = {
			isa = PBXGroup;
			children = (
				CEAB9534256F964E00D42FC3 /* TestTableViewCell.swift */,
				CEAB9535256F964E00D42FC3 /* TestTableViewCell.xib */,
			);
			path = Views;
			sourceTree = "<group>";
		};
/* End PBXGroup section */

/* Begin PBXNativeTarget section */
		BC89F823256E60C500F92FB6 /* BLE test */ = {
			isa = PBXNativeTarget;
			buildConfigurationList = BC89F838256E60C700F92FB6 /* Build configuration list for PBXNativeTarget "BLE test" */;
			buildPhases = (
				BC89F820256E60C500F92FB6 /* Sources */,
				BC89F821256E60C500F92FB6 /* Frameworks */,
				BC89F822256E60C500F92FB6 /* Resources */,
			);
			buildRules = (
			);
			dependencies = (
			);
			name = "BLE test";
			productName = "BLE test";
			productReference = BC89F824256E60C500F92FB6 /* BLE test.app */;
			productType = "com.apple.product-type.application";
		};
/* End PBXNativeTarget section */

/* Begin PBXProject section */
		BC89F81C256E60C500F92FB6 /* Project object */ = {
			isa = PBXProject;
			attributes = {
				LastSwiftUpdateCheck = 1200;
				LastUpgradeCheck = 1200;
				TargetAttributes = {
					BC89F823256E60C500F92FB6 = {
						CreatedOnToolsVersion = 12.0;
					};
				};
			};
			buildConfigurationList = BC89F81F256E60C500F92FB6 /* Build configuration list for PBXProject "BLE test" */;
			compatibilityVersion = "Xcode 9.3";
			developmentRegion = en;
			hasScannedForEncodings = 0;
			knownRegions = (
				en,
				Base,
			);
			mainGroup = BC89F81B256E60C500F92FB6;
			productRefGroup = BC89F825256E60C500F92FB6 /* Products */;
			projectDirPath = "";
			projectRoot = "";
			targets = (
				BC89F823256E60C500F92FB6 /* BLE test */,
			);
		};
/* End PBXProject section */

/* Begin PBXResourcesBuildPhase section */
		BC89F822256E60C500F92FB6 /* Resources */ = {
			isa = PBXResourcesBuildPhase;
			buildActionMask = 2147483647;
			files = (
				BC89F834256E60C700F92FB6 /* LaunchScreen.storyboard in Resources */,
				CEAB9537256F964E00D42FC3 /* TestTableViewCell.xib in Resources */,
				BC89F831256E60C700F92FB6 /* Assets.xcassets in Resources */,
				BC89F82F256E60C500F92FB6 /* Main.storyboard in Resources */,
			);
			runOnlyForDeploymentPostprocessing = 0;
		};
/* End PBXResourcesBuildPhase section */

/* Begin PBXSourcesBuildPhase section */
		BC89F820256E60C500F92FB6 /* Sources */ = {
			isa = PBXSourcesBuildPhase;
			buildActionMask = 2147483647;
			files = (
				BC89F83D256E60DA00F92FB6 /* AdvertisingService.swift in Sources */,
				BC89F82C256E60C500F92FB6 /* ViewController.swift in Sources */,
				BC89F828256E60C500F92FB6 /* AppDelegate.swift in Sources */,
				BC89F82A256E60C500F92FB6 /* SceneDelegate.swift in Sources */,
				CEAB9536256F964E00D42FC3 /* TestTableViewCell.swift in Sources */,
			);
			runOnlyForDeploymentPostprocessing = 0;
		};
/* End PBXSourcesBuildPhase section */

/* Begin PBXVariantGroup section */
		BC89F82D256E60C500F92FB6 /* Main.storyboard */ = {
			isa = PBXVariantGroup;
			children = (
				BC89F82E256E60C500F92FB6 /* Base */,
			);
			name = Main.storyboard;
			sourceTree = "<group>";
		};
		BC89F832256E60C700F92FB6 /* LaunchScreen.storyboard */ = {
			isa = PBXVariantGroup;
			children = (
				BC89F833256E60C700F92FB6 /* Base */,
			);
			name = LaunchScreen.storyboard;
			sourceTree = "<group>";
		};
/* End PBXVariantGroup section */

/* Begin XCBuildConfiguration section */
		BC89F836256E60C700F92FB6 /* Debug */ = {
			isa = XCBuildConfiguration;
			buildSettings = {
				ALWAYS_SEARCH_USER_PATHS = NO;
				CLANG_ANALYZER_NONNULL = YES;
				CLANG_ANALYZER_NUMBER_OBJECT_CONVERSION = YES_AGGRESSIVE;
				CLANG_CXX_LANGUAGE_STANDARD = "gnu++14";
				CLANG_CXX_LIBRARY = "libc++";
				CLANG_ENABLE_MODULES = YES;
				CLANG_ENABLE_OBJC_ARC = YES;
				CLANG_ENABLE_OBJC_WEAK = YES;
				CLANG_WARN_BLOCK_CAPTURE_AUTORELEASING = YES;
				CLANG_WARN_BOOL_CONVERSION = YES;
				CLANG_WARN_COMMA = YES;
				CLANG_WARN_CONSTANT_CONVERSION = YES;
				CLANG_WARN_DEPRECATED_OBJC_IMPLEMENTATIONS = YES;
				CLANG_WARN_DIRECT_OBJC_ISA_USAGE = YES_ERROR;
				CLANG_WARN_DOCUMENTATION_COMMENTS = YES;
				CLANG_WARN_EMPTY_BODY = YES;
				CLANG_WARN_ENUM_CONVERSION = YES;
				CLANG_WARN_INFINITE_RECURSION = YES;
				CLANG_WARN_INT_CONVERSION = YES;
				CLANG_WARN_NON_LITERAL_NULL_CONVERSION = YES;
				CLANG_WARN_OBJC_IMPLICIT_RETAIN_SELF = YES;
				CLANG_WARN_OBJC_LITERAL_CONVERSION = YES;
				CLANG_WARN_OBJC_ROOT_CLASS = YES_ERROR;
				CLANG_WARN_QUOTED_INCLUDE_IN_FRAMEWORK_HEADER = YES;
				CLANG_WARN_RANGE_LOOP_ANALYSIS = YES;
				CLANG_WARN_STRICT_PROTOTYPES = YES;
				CLANG_WARN_SUSPICIOUS_MOVE = YES;
				CLANG_WARN_UNGUARDED_AVAILABILITY = YES_AGGRESSIVE;
				CLANG_WARN_UNREACHABLE_CODE = YES;
				CLANG_WARN__DUPLICATE_METHOD_MATCH = YES;
				COPY_PHASE_STRIP = NO;
				DEBUG_INFORMATION_FORMAT = dwarf;
				ENABLE_STRICT_OBJC_MSGSEND = YES;
				ENABLE_TESTABILITY = YES;
				GCC_C_LANGUAGE_STANDARD = gnu11;
				GCC_DYNAMIC_NO_PIC = NO;
				GCC_NO_COMMON_BLOCKS = YES;
				GCC_OPTIMIZATION_LEVEL = 0;
				GCC_PREPROCESSOR_DEFINITIONS = (
					"DEBUG=1",
					"$(inherited)",
				);
				GCC_WARN_64_TO_32_BIT_CONVERSION = YES;
				GCC_WARN_ABOUT_RETURN_TYPE = YES_ERROR;
				GCC_WARN_UNDECLARED_SELECTOR = YES;
				GCC_WARN_UNINITIALIZED_AUTOS = YES_AGGRESSIVE;
				GCC_WARN_UNUSED_FUNCTION = YES;
				GCC_WARN_UNUSED_VARIABLE = YES;
				IPHONEOS_DEPLOYMENT_TARGET = 14.0;
				MTL_ENABLE_DEBUG_INFO = INCLUDE_SOURCE;
				MTL_FAST_MATH = YES;
				ONLY_ACTIVE_ARCH = YES;
				SDKROOT = iphoneos;
				SWIFT_ACTIVE_COMPILATION_CONDITIONS = DEBUG;
				SWIFT_OPTIMIZATION_LEVEL = "-Onone";
			};
			name = Debug;
		};
		BC89F837256E60C700F92FB6 /* Release */ = {
			isa = XCBuildConfiguration;
			buildSettings = {
				ALWAYS_SEARCH_USER_PATHS = NO;
				CLANG_ANALYZER_NONNULL = YES;
				CLANG_ANALYZER_NUMBER_OBJECT_CONVERSION = YES_AGGRESSIVE;
				CLANG_CXX_LANGUAGE_STANDARD = "gnu++14";
				CLANG_CXX_LIBRARY = "libc++";
				CLANG_ENABLE_MODULES = YES;
				CLANG_ENABLE_OBJC_ARC = YES;
				CLANG_ENABLE_OBJC_WEAK = YES;
				CLANG_WARN_BLOCK_CAPTURE_AUTORELEASING = YES;
				CLANG_WARN_BOOL_CONVERSION = YES;
				CLANG_WARN_COMMA = YES;
				CLANG_WARN_CONSTANT_CONVERSION = YES;
				CLANG_WARN_DEPRECATED_OBJC_IMPLEMENTATIONS = YES;
				CLANG_WARN_DIRECT_OBJC_ISA_USAGE = YES_ERROR;
				CLANG_WARN_DOCUMENTATION_COMMENTS = YES;
				CLANG_WARN_EMPTY_BODY = YES;
				CLANG_WARN_ENUM_CONVERSION = YES;
				CLANG_WARN_INFINITE_RECURSION = YES;
				CLANG_WARN_INT_CONVERSION = YES;
				CLANG_WARN_NON_LITERAL_NULL_CONVERSION = YES;
				CLANG_WARN_OBJC_IMPLICIT_RETAIN_SELF = YES;
				CLANG_WARN_OBJC_LITERAL_CONVERSION = YES;
				CLANG_WARN_OBJC_ROOT_CLASS = YES_ERROR;
				CLANG_WARN_QUOTED_INCLUDE_IN_FRAMEWORK_HEADER = YES;
				CLANG_WARN_RANGE_LOOP_ANALYSIS = YES;
				CLANG_WARN_STRICT_PROTOTYPES = YES;
				CLANG_WARN_SUSPICIOUS_MOVE = YES;
				CLANG_WARN_UNGUARDED_AVAILABILITY = YES_AGGRESSIVE;
				CLANG_WARN_UNREACHABLE_CODE = YES;
				CLANG_WARN__DUPLICATE_METHOD_MATCH = YES;
				COPY_PHASE_STRIP = NO;
				DEBUG_INFORMATION_FORMAT = "dwarf-with-dsym";
				ENABLE_NS_ASSERTIONS = NO;
				ENABLE_STRICT_OBJC_MSGSEND = YES;
				GCC_C_LANGUAGE_STANDARD = gnu11;
				GCC_NO_COMMON_BLOCKS = YES;
				GCC_WARN_64_TO_32_BIT_CONVERSION = YES;
				GCC_WARN_ABOUT_RETURN_TYPE = YES_ERROR;
				GCC_WARN_UNDECLARED_SELECTOR = YES;
				GCC_WARN_UNINITIALIZED_AUTOS = YES_AGGRESSIVE;
				GCC_WARN_UNUSED_FUNCTION = YES;
				GCC_WARN_UNUSED_VARIABLE = YES;
				IPHONEOS_DEPLOYMENT_TARGET = 14.0;
				MTL_ENABLE_DEBUG_INFO = NO;
				MTL_FAST_MATH = YES;
				SDKROOT = iphoneos;
				SWIFT_COMPILATION_MODE = wholemodule;
				SWIFT_OPTIMIZATION_LEVEL = "-O";
				VALIDATE_PRODUCT = YES;
			};
			name = Release;
		};
		BC89F839256E60C700F92FB6 /* Debug */ = {
			isa = XCBuildConfiguration;
			buildSettings = {
				ASSETCATALOG_COMPILER_APPICON_NAME = AppIcon;
				ASSETCATALOG_COMPILER_GLOBAL_ACCENT_COLOR_NAME = AccentColor;
				CODE_SIGN_STYLE = Automatic;
				DEVELOPMENT_TEAM = W73G89PCSD;
				INFOPLIST_FILE = "BLE test/Info.plist";
				IPHONEOS_DEPLOYMENT_TARGET = 13.0;
				LD_RUNPATH_SEARCH_PATHS = (
					"$(inherited)",
					"@executable_path/Frameworks",
				);
				PRODUCT_BUNDLE_IDENTIFIER = "Lampa.BLE-test";
				PRODUCT_NAME = "$(TARGET_NAME)";
				SWIFT_VERSION = 5.0;
				TARGETED_DEVICE_FAMILY = "1,2";
			};
			name = Debug;
		};
		BC89F83A256E60C700F92FB6 /* Release */ = {
			isa = XCBuildConfiguration;
			buildSettings = {
				ASSETCATALOG_COMPILER_APPICON_NAME = AppIcon;
				ASSETCATALOG_COMPILER_GLOBAL_ACCENT_COLOR_NAME = AccentColor;
				CODE_SIGN_STYLE = Automatic;
				DEVELOPMENT_TEAM = W73G89PCSD;
				INFOPLIST_FILE = "BLE test/Info.plist";
				IPHONEOS_DEPLOYMENT_TARGET = 13.0;
				LD_RUNPATH_SEARCH_PATHS = (
					"$(inherited)",
					"@executable_path/Frameworks",
				);
				PRODUCT_BUNDLE_IDENTIFIER = "Lampa.BLE-test";
				PRODUCT_NAME = "$(TARGET_NAME)";
				SWIFT_VERSION = 5.0;
				TARGETED_DEVICE_FAMILY = "1,2";
			};
			name = Release;
		};
/* End XCBuildConfiguration section */

/* Begin XCConfigurationList section */
		BC89F81F256E60C500F92FB6 /* Build configuration list for PBXProject "BLE test" */ = {
			isa = XCConfigurationList;
			buildConfigurations = (
				BC89F836256E60C700F92FB6 /* Debug */,
				BC89F837256E60C700F92FB6 /* Release */,
			);
			defaultConfigurationIsVisible = 0;
			defaultConfigurationName = Release;
		};
		BC89F838256E60C700F92FB6 /* Build configuration list for PBXNativeTarget "BLE test" */ = {
			isa = XCConfigurationList;
			buildConfigurations = (
				BC89F839256E60C700F92FB6 /* Debug */,
				BC89F83A256E60C700F92FB6 /* Release */,
			);
			defaultConfigurationIsVisible = 0;
			defaultConfigurationName = Release;
		};
/* End XCConfigurationList section */
	};
	rootObject = BC89F81C256E60C500F92FB6 /* Project object */;
}
